
Microsoft Visual Studio Solution File, Format Version 12.00
# Visual Studio 14
VisualStudioVersion = 14.0.25420.1
MinimumVisualStudioVersion = 10.0.40219.1
Project("{FAE04EC0-301F-11D3-BF4B-00C04F79EFBC}") = "dotSpace", "dotSpace\dotSpace.csproj", "{EA07D9C8-E59A-4C8F-BD98-1EC1EECD3351}"
EndProject
Project("{FAE04EC0-301F-11D3-BF4B-00C04F79EFBC}") = "Example1", "Example1\Example1.csproj", "{51FE4AA4-B854-450D-A889-38C7BDEA0B1B}"
EndProject
Project("{FAE04EC0-301F-11D3-BF4B-00C04F79EFBC}") = "Example2", "Example2\Example2.csproj", "{54E475C9-D372-4E8A-87A2-9E39D2651584}"
EndProject
Project("{FAE04EC0-301F-11D3-BF4B-00C04F79EFBC}") = "Example3", "Example3\Example3.csproj", "{9C339632-7837-42E6-8617-E2424C513D29}"
EndProject
Project("{FAE04EC0-301F-11D3-BF4B-00C04F79EFBC}") = "Example4", "Example4\Example4.csproj", "{794130FD-113D-472B-9F66-694BD39C4A96}"
EndProject
Project("{FAE04EC0-301F-11D3-BF4B-00C04F79EFBC}") = "LocalPong", "LocalPong\LocalPong.csproj", "{77429DB6-0C81-4725-914B-8D44A8001672}"
EndProject
Project("{2150E333-8FDC-42A3-9474-1A3956D46DE8}") = "Pong", "Pong", "{4EBD82E2-D594-4CA8-9AA8-CEDA9D658FEE}"
EndProject
Project("{FAE04EC0-301F-11D3-BF4B-00C04F79EFBC}") = "Pong", "Pong\Pong.csproj", "{B40E29E5-8FC8-4F63-A98F-2CE97CA58C90}"
EndProject
Project("{FAE04EC0-301F-11D3-BF4B-00C04F79EFBC}") = "PongServer", "PongServer\PongServer.csproj", "{8C663460-7A36-4C7C-B3A6-0AD71EB9B090}"
EndProject
Project("{FAE04EC0-301F-11D3-BF4B-00C04F79EFBC}") = "PongPlayer", "PongPlayer\PongPlayer.csproj", "{57A5CA55-3E36-4758-8DE9-66FC95AC5E21}"
EndProject
Project("{FAE04EC0-301F-11D3-BF4B-00C04F79EFBC}") = "Example5", "Example5\Example5.csproj", "{B563A928-68B9-49F6-9E0B-C7E66408B3BF}"
EndProject
Project("{FAE04EC0-301F-11D3-BF4B-00C04F79EFBC}") = "Example6", "Example6\Example6.csproj", "{40EFA60E-1E7A-4E6C-A882-A542BFCE5DE0}"
EndProject
Project("{2150E333-8FDC-42A3-9474-1A3956D46DE8}") = "Examples", "Examples", "{750432D4-59A0-40C2-9668-F5D7339CD364}"
EndProject
Project("{2150E333-8FDC-42A3-9474-1A3956D46DE8}") = "Local", "Local", "{6476FD67-D8C5-4BAE-BD21-E7BB7A8AB2BD}"
EndProject
Project("{2150E333-8FDC-42A3-9474-1A3956D46DE8}") = "Networked", "Networked", "{9278D5B2-D708-4896-9C01-B31A06382117}"
EndProject
Project("{FAE04EC0-301F-11D3-BF4B-00C04F79EFBC}") = "Example7", "Example7\Example7.csproj", "{681CF31D-2A1C-418E-AA41-74D3A899C5D0}"
EndProject
Project("{FAE04EC0-301F-11D3-BF4B-00C04F79EFBC}") = "Example8", "Example8\Example8.csproj", "{DE439DB6-BEEB-4065-9D18-6152A86CA88B}"
EndProject
Project("{FAE04EC0-301F-11D3-BF4B-00C04F79EFBC}") = "Test", "Test\Test.csproj", "{C23D2DE9-6CAA-4736-9E73-18CBC4293ECB}"
EndProject
Project("{2150E333-8FDC-42A3-9474-1A3956D46DE8}") = "Lifeforms", "Lifeforms", "{B1725845-0528-4791-8E36-A8DDBDA096A0}"
EndProject
Project("{FAE04EC0-301F-11D3-BF4B-00C04F79EFBC}") = "Lifeforms", "Lifeforms\Lifeforms.csproj", "{F903435A-9A03-4791-AEFC-F5EF20B49570}"
EndProject
Project("{FAE04EC0-301F-11D3-BF4B-00C04F79EFBC}") = "LocalLifeforms", "LocalLifeforms\LocalLifeforms.csproj", "{8F0461F4-9647-4798-9A74-CD6B125E6094}"
EndProject
Project("{FAE04EC0-301F-11D3-BF4B-00C04F79EFBC}") = "LifeformsServer", "LifeformsServer\LifeformsServer.csproj", "{E515F795-CD67-49D3-A6FE-8376A4544FF7}"
EndProject
Project("{FAE04EC0-301F-11D3-BF4B-00C04F79EFBC}") = "LifeformsClient", "LifeformsClient\LifeformsClient.csproj", "{0B4A16E6-6A4D-422B-B08B-3F89A574E30D}"
EndProject
Project("{2150E333-8FDC-42A3-9474-1A3956D46DE8}") = "Solution Items", "Solution Items", "{738DD24E-1893-45A2-94FD-DFF65C149BEC}"
	ProjectSection(SolutionItems) = preProject
		README.md = README.md
	EndProjectSection
EndProject
Global
	GlobalSection(SolutionConfigurationPlatforms) = preSolution
		Debug|Any CPU = Debug|Any CPU
		Release|Any CPU = Release|Any CPU
	EndGlobalSection
	GlobalSection(ProjectConfigurationPlatforms) = postSolution
		{EA07D9C8-E59A-4C8F-BD98-1EC1EECD3351}.Debug|Any CPU.ActiveCfg = Debug|Any CPU
		{EA07D9C8-E59A-4C8F-BD98-1EC1EECD3351}.Debug|Any CPU.Build.0 = Debug|Any CPU
		{EA07D9C8-E59A-4C8F-BD98-1EC1EECD3351}.Release|Any CPU.ActiveCfg = Release|Any CPU
		{EA07D9C8-E59A-4C8F-BD98-1EC1EECD3351}.Release|Any CPU.Build.0 = Release|Any CPU
		{51FE4AA4-B854-450D-A889-38C7BDEA0B1B}.Debug|Any CPU.ActiveCfg = Debug|Any CPU
		{51FE4AA4-B854-450D-A889-38C7BDEA0B1B}.Debug|Any CPU.Build.0 = Debug|Any CPU
		{51FE4AA4-B854-450D-A889-38C7BDEA0B1B}.Release|Any CPU.ActiveCfg = Release|Any CPU
		{51FE4AA4-B854-450D-A889-38C7BDEA0B1B}.Release|Any CPU.Build.0 = Release|Any CPU
		{54E475C9-D372-4E8A-87A2-9E39D2651584}.Debug|Any CPU.ActiveCfg = Debug|Any CPU
		{54E475C9-D372-4E8A-87A2-9E39D2651584}.Debug|Any CPU.Build.0 = Debug|Any CPU
		{54E475C9-D372-4E8A-87A2-9E39D2651584}.Release|Any CPU.ActiveCfg = Release|Any CPU
		{54E475C9-D372-4E8A-87A2-9E39D2651584}.Release|Any CPU.Build.0 = Release|Any CPU
		{9C339632-7837-42E6-8617-E2424C513D29}.Debug|Any CPU.ActiveCfg = Debug|Any CPU
		{9C339632-7837-42E6-8617-E2424C513D29}.Debug|Any CPU.Build.0 = Debug|Any CPU
		{9C339632-7837-42E6-8617-E2424C513D29}.Release|Any CPU.ActiveCfg = Release|Any CPU
		{9C339632-7837-42E6-8617-E2424C513D29}.Release|Any CPU.Build.0 = Release|Any CPU
		{794130FD-113D-472B-9F66-694BD39C4A96}.Debug|Any CPU.ActiveCfg = Debug|Any CPU
		{794130FD-113D-472B-9F66-694BD39C4A96}.Debug|Any CPU.Build.0 = Debug|Any CPU
		{794130FD-113D-472B-9F66-694BD39C4A96}.Release|Any CPU.ActiveCfg = Release|Any CPU
		{794130FD-113D-472B-9F66-694BD39C4A96}.Release|Any CPU.Build.0 = Release|Any CPU
		{77429DB6-0C81-4725-914B-8D44A8001672}.Debug|Any CPU.ActiveCfg = Debug|Any CPU
		{77429DB6-0C81-4725-914B-8D44A8001672}.Debug|Any CPU.Build.0 = Debug|Any CPU
		{77429DB6-0C81-4725-914B-8D44A8001672}.Release|Any CPU.ActiveCfg = Release|Any CPU
		{77429DB6-0C81-4725-914B-8D44A8001672}.Release|Any CPU.Build.0 = Release|Any CPU
		{B40E29E5-8FC8-4F63-A98F-2CE97CA58C90}.Debug|Any CPU.ActiveCfg = Debug|Any CPU
		{B40E29E5-8FC8-4F63-A98F-2CE97CA58C90}.Debug|Any CPU.Build.0 = Debug|Any CPU
		{B40E29E5-8FC8-4F63-A98F-2CE97CA58C90}.Release|Any CPU.ActiveCfg = Release|Any CPU
		{B40E29E5-8FC8-4F63-A98F-2CE97CA58C90}.Release|Any CPU.Build.0 = Release|Any CPU
		{8C663460-7A36-4C7C-B3A6-0AD71EB9B090}.Debug|Any CPU.ActiveCfg = Debug|Any CPU
		{8C663460-7A36-4C7C-B3A6-0AD71EB9B090}.Debug|Any CPU.Build.0 = Debug|Any CPU
		{8C663460-7A36-4C7C-B3A6-0AD71EB9B090}.Release|Any CPU.ActiveCfg = Release|Any CPU
		{8C663460-7A36-4C7C-B3A6-0AD71EB9B090}.Release|Any CPU.Build.0 = Release|Any CPU
		{57A5CA55-3E36-4758-8DE9-66FC95AC5E21}.Debug|Any CPU.ActiveCfg = Debug|Any CPU
		{57A5CA55-3E36-4758-8DE9-66FC95AC5E21}.Debug|Any CPU.Build.0 = Debug|Any CPU
		{57A5CA55-3E36-4758-8DE9-66FC95AC5E21}.Release|Any CPU.ActiveCfg = Release|Any CPU
		{57A5CA55-3E36-4758-8DE9-66FC95AC5E21}.Release|Any CPU.Build.0 = Release|Any CPU
		{B563A928-68B9-49F6-9E0B-C7E66408B3BF}.Debug|Any CPU.ActiveCfg = Debug|Any CPU
		{B563A928-68B9-49F6-9E0B-C7E66408B3BF}.Debug|Any CPU.Build.0 = Debug|Any CPU
		{B563A928-68B9-49F6-9E0B-C7E66408B3BF}.Release|Any CPU.ActiveCfg = Release|Any CPU
		{B563A928-68B9-49F6-9E0B-C7E66408B3BF}.Release|Any CPU.Build.0 = Release|Any CPU
		{40EFA60E-1E7A-4E6C-A882-A542BFCE5DE0}.Debug|Any CPU.ActiveCfg = Debug|Any CPU
		{40EFA60E-1E7A-4E6C-A882-A542BFCE5DE0}.Debug|Any CPU.Build.0 = Debug|Any CPU
		{40EFA60E-1E7A-4E6C-A882-A542BFCE5DE0}.Release|Any CPU.ActiveCfg = Release|Any CPU
		{40EFA60E-1E7A-4E6C-A882-A542BFCE5DE0}.Release|Any CPU.Build.0 = Release|Any CPU
		{681CF31D-2A1C-418E-AA41-74D3A899C5D0}.Debug|Any CPU.ActiveCfg = Debug|Any CPU
		{681CF31D-2A1C-418E-AA41-74D3A899C5D0}.Debug|Any CPU.Build.0 = Debug|Any CPU
		{681CF31D-2A1C-418E-AA41-74D3A899C5D0}.Release|Any CPU.ActiveCfg = Release|Any CPU
		{681CF31D-2A1C-418E-AA41-74D3A899C5D0}.Release|Any CPU.Build.0 = Release|Any CPU
		{DE439DB6-BEEB-4065-9D18-6152A86CA88B}.Debug|Any CPU.ActiveCfg = Debug|Any CPU
		{DE439DB6-BEEB-4065-9D18-6152A86CA88B}.Debug|Any CPU.Build.0 = Debug|Any CPU
		{DE439DB6-BEEB-4065-9D18-6152A86CA88B}.Release|Any CPU.ActiveCfg = Release|Any CPU
		{DE439DB6-BEEB-4065-9D18-6152A86CA88B}.Release|Any CPU.Build.0 = Release|Any CPU
		{C23D2DE9-6CAA-4736-9E73-18CBC4293ECB}.Debug|Any CPU.ActiveCfg = Debug|Any CPU
		{C23D2DE9-6CAA-4736-9E73-18CBC4293ECB}.Debug|Any CPU.Build.0 = Debug|Any CPU
		{C23D2DE9-6CAA-4736-9E73-18CBC4293ECB}.Release|Any CPU.ActiveCfg = Release|Any CPU
		{C23D2DE9-6CAA-4736-9E73-18CBC4293ECB}.Release|Any CPU.Build.0 = Release|Any CPU
		{F903435A-9A03-4791-AEFC-F5EF20B49570}.Debug|Any CPU.ActiveCfg = Debug|Any CPU
		{F903435A-9A03-4791-AEFC-F5EF20B49570}.Debug|Any CPU.Build.0 = Debug|Any CPU
		{F903435A-9A03-4791-AEFC-F5EF20B49570}.Release|Any CPU.ActiveCfg = Release|Any CPU
		{F903435A-9A03-4791-AEFC-F5EF20B49570}.Release|Any CPU.Build.0 = Release|Any CPU
		{8F0461F4-9647-4798-9A74-CD6B125E6094}.Debug|Any CPU.ActiveCfg = Debug|Any CPU
		{8F0461F4-9647-4798-9A74-CD6B125E6094}.Debug|Any CPU.Build.0 = Debug|Any CPU
		{8F0461F4-9647-4798-9A74-CD6B125E6094}.Release|Any CPU.ActiveCfg = Release|Any CPU
		{8F0461F4-9647-4798-9A74-CD6B125E6094}.Release|Any CPU.Build.0 = Release|Any CPU
		{E515F795-CD67-49D3-A6FE-8376A4544FF7}.Debug|Any CPU.ActiveCfg = Debug|Any CPU
		{E515F795-CD67-49D3-A6FE-8376A4544FF7}.Debug|Any CPU.Build.0 = Debug|Any CPU
		{E515F795-CD67-49D3-A6FE-8376A4544FF7}.Release|Any CPU.ActiveCfg = Release|Any CPU
		{E515F795-CD67-49D3-A6FE-8376A4544FF7}.Release|Any CPU.Build.0 = Release|Any CPU
		{0B4A16E6-6A4D-422B-B08B-3F89A574E30D}.Debug|Any CPU.ActiveCfg = Debug|Any CPU
		{0B4A16E6-6A4D-422B-B08B-3F89A574E30D}.Debug|Any CPU.Build.0 = Debug|Any CPU
		{0B4A16E6-6A4D-422B-B08B-3F89A574E30D}.Release|Any CPU.ActiveCfg = Release|Any CPU
		{0B4A16E6-6A4D-422B-B08B-3F89A574E30D}.Release|Any CPU.Build.0 = Release|Any CPU
	EndGlobalSection
	GlobalSection(SolutionProperties) = preSolution
		HideSolutionNode = FALSE
	EndGlobalSection
	GlobalSection(NestedProjects) = preSolution
		{51FE4AA4-B854-450D-A889-38C7BDEA0B1B} = {6476FD67-D8C5-4BAE-BD21-E7BB7A8AB2BD}
		{54E475C9-D372-4E8A-87A2-9E39D2651584} = {6476FD67-D8C5-4BAE-BD21-E7BB7A8AB2BD}
		{9C339632-7837-42E6-8617-E2424C513D29} = {6476FD67-D8C5-4BAE-BD21-E7BB7A8AB2BD}
		{794130FD-113D-472B-9F66-694BD39C4A96} = {6476FD67-D8C5-4BAE-BD21-E7BB7A8AB2BD}
		{77429DB6-0C81-4725-914B-8D44A8001672} = {4EBD82E2-D594-4CA8-9AA8-CEDA9D658FEE}
		{B40E29E5-8FC8-4F63-A98F-2CE97CA58C90} = {4EBD82E2-D594-4CA8-9AA8-CEDA9D658FEE}
		{8C663460-7A36-4C7C-B3A6-0AD71EB9B090} = {4EBD82E2-D594-4CA8-9AA8-CEDA9D658FEE}
		{57A5CA55-3E36-4758-8DE9-66FC95AC5E21} = {4EBD82E2-D594-4CA8-9AA8-CEDA9D658FEE}
		{B563A928-68B9-49F6-9E0B-C7E66408B3BF} = {9278D5B2-D708-4896-9C01-B31A06382117}
		{40EFA60E-1E7A-4E6C-A882-A542BFCE5DE0} = {9278D5B2-D708-4896-9C01-B31A06382117}
		{6476FD67-D8C5-4BAE-BD21-E7BB7A8AB2BD} = {750432D4-59A0-40C2-9668-F5D7339CD364}
		{9278D5B2-D708-4896-9C01-B31A06382117} = {750432D4-59A0-40C2-9668-F5D7339CD364}
		{681CF31D-2A1C-418E-AA41-74D3A899C5D0} = {9278D5B2-D708-4896-9C01-B31A06382117}
		{DE439DB6-BEEB-4065-9D18-6152A86CA88B} = {9278D5B2-D708-4896-9C01-B31A06382117}
		{F903435A-9A03-4791-AEFC-F5EF20B49570} = {B1725845-0528-4791-8E36-A8DDBDA096A0}
		{8F0461F4-9647-4798-9A74-CD6B125E6094} = {B1725845-0528-4791-8E36-A8DDBDA096A0}
		{E515F795-CD67-49D3-A6FE-8376A4544FF7} = {B1725845-0528-4791-8E36-A8DDBDA096A0}
		{0B4A16E6-6A4D-422B-B08B-3F89A574E30D} = {B1725845-0528-4791-8E36-A8DDBDA096A0}
	EndGlobalSection
EndGlobal
